// !$*UTF8*$!
{
	archiveVersion = 1;
	classes = {
	};
	objectVersion = 51;
	objects = {

/* Begin PBXBuildFile section */
		0732007822B10062009BDC42 /* dic.txt in Resources */ = {isa = PBXBuildFile; fileRef = 0732007722B10062009BDC42 /* dic.txt */; };
		075EC27B22A8CDA6000F36A0 /* AppDelegate.swift in Sources */ = {isa = PBXBuildFile; fileRef = 075EC27A22A8CDA6000F36A0 /* AppDelegate.swift */; };
		075EC27D22A8CDA6000F36A0 /* ViewController.swift in Sources */ = {isa = PBXBuildFile; fileRef = 075EC27C22A8CDA6000F36A0 /* ViewController.swift */; };
		075EC28022A8CDA6000F36A0 /* Main.storyboard in Resources */ = {isa = PBXBuildFile; fileRef = 075EC27E22A8CDA6000F36A0 /* Main.storyboard */; };
		075EC28322A8CDA6000F36A0 /* Minguinho_prototype.xcdatamodeld in Sources */ = {isa = PBXBuildFile; fileRef = 075EC28122A8CDA6000F36A0 /* Minguinho_prototype.xcdatamodeld */; };
		075EC28522A8CDA8000F36A0 /* Assets.xcassets in Resources */ = {isa = PBXBuildFile; fileRef = 075EC28422A8CDA8000F36A0 /* Assets.xcassets */; };
		075EC28822A8CDA8000F36A0 /* LaunchScreen.storyboard in Resources */ = {isa = PBXBuildFile; fileRef = 075EC28622A8CDA8000F36A0 /* LaunchScreen.storyboard */; };
		076F7B4C22A8FC7C00721138 /* NewNoteViewController.swift in Sources */ = {isa = PBXBuildFile; fileRef = 076F7B4B22A8FC7C00721138 /* NewNoteViewController.swift */; };
		076F7B4E22A9141F00721138 /* DataManager.swift in Sources */ = {isa = PBXBuildFile; fileRef = 076F7B4D22A9141F00721138 /* DataManager.swift */; };
		0770BD2D22AEB94900210030 /* RecommendCollectionViewCell.swift in Sources */ = {isa = PBXBuildFile; fileRef = 0770BD2C22AEB94900210030 /* RecommendCollectionViewCell.swift */; };
		077B5A1022A94B3E0019573C /* DetailViewController.swift in Sources */ = {isa = PBXBuildFile; fileRef = 077B5A0F22A94B3E0019573C /* DetailViewController.swift */; };
		07ABC7DD22B22405005744D7 /* dic_en.txt in Resources */ = {isa = PBXBuildFile; fileRef = 07ABC7DC22B22405005744D7 /* dic_en.txt */; };
		07D3E55622ABC57F00EAD179 /* AlbumViewController.swift in Sources */ = {isa = PBXBuildFile; fileRef = 07D3E55522ABC57F00EAD179 /* AlbumViewController.swift */; };
		07D3E55822ABC5C300EAD179 /* AlbumCollectionViewCell.swift in Sources */ = {isa = PBXBuildFile; fileRef = 07D3E55722ABC5C300EAD179 /* AlbumCollectionViewCell.swift */; };
		07D3E55E22ABEFB900EAD179 /* AddAlbumViewController.swift in Sources */ = {isa = PBXBuildFile; fileRef = 07D3E55D22ABEFB900EAD179 /* AddAlbumViewController.swift */; };
		07D3E56022ABF41B00EAD179 /* AlbumDetailViewController.swift in Sources */ = {isa = PBXBuildFile; fileRef = 07D3E55F22ABF41B00EAD179 /* AlbumDetailViewController.swift */; };
		07DB82C622B083E500BC60AB /* keras_model_simpletext_batch128_epochs50.mlmodel in Sources */ = {isa = PBXBuildFile; fileRef = 07DB82C522B083E500BC60AB /* keras_model_simpletext_batch128_epochs50.mlmodel */; };
		1E3C1410DEAD83AE87923D6E /* Pods_Minguinho_prototype.framework in Frameworks */ = {isa = PBXBuildFile; fileRef = 4A342503172DEBD2B881056D /* Pods_Minguinho_prototype.framework */; };
/* End PBXBuildFile section */

/* Begin PBXFileReference section */
		0732007722B10062009BDC42 /* dic.txt */ = {isa = PBXFileReference; fileEncoding = 4; lastKnownFileType = text; path = dic.txt; sourceTree = "<group>"; };
		075EC27722A8CDA6000F36A0 /* Minguinho_prototype.app */ = {isa = PBXFileReference; explicitFileType = wrapper.application; includeInIndex = 0; path = Minguinho_prototype.app; sourceTree = BUILT_PRODUCTS_DIR; };
		075EC27A22A8CDA6000F36A0 /* AppDelegate.swift */ = {isa = PBXFileReference; lastKnownFileType = sourcecode.swift; path = AppDelegate.swift; sourceTree = "<group>"; };
		075EC27C22A8CDA6000F36A0 /* ViewController.swift */ = {isa = PBXFileReference; lastKnownFileType = sourcecode.swift; path = ViewController.swift; sourceTree = "<group>"; };
		075EC27F22A8CDA6000F36A0 /* Base */ = {isa = PBXFileReference; lastKnownFileType = file.storyboard; name = Base; path = Base.lproj/Main.storyboard; sourceTree = "<group>"; };
		075EC28222A8CDA6000F36A0 /* Minguinho_prototype.xcdatamodel */ = {isa = PBXFileReference; lastKnownFileType = wrapper.xcdatamodel; path = Minguinho_prototype.xcdatamodel; sourceTree = "<group>"; };
		075EC28422A8CDA8000F36A0 /* Assets.xcassets */ = {isa = PBXFileReference; lastKnownFileType = folder.assetcatalog; path = Assets.xcassets; sourceTree = "<group>"; };
		075EC28722A8CDA8000F36A0 /* Base */ = {isa = PBXFileReference; lastKnownFileType = file.storyboard; name = Base; path = Base.lproj/LaunchScreen.storyboard; sourceTree = "<group>"; };
		075EC28922A8CDA8000F36A0 /* Info.plist */ = {isa = PBXFileReference; lastKnownFileType = text.plist.xml; path = Info.plist; sourceTree = "<group>"; };
		076F7B4B22A8FC7C00721138 /* NewNoteViewController.swift */ = {isa = PBXFileReference; lastKnownFileType = sourcecode.swift; path = NewNoteViewController.swift; sourceTree = "<group>"; };
		076F7B4D22A9141F00721138 /* DataManager.swift */ = {isa = PBXFileReference; lastKnownFileType = sourcecode.swift; path = DataManager.swift; sourceTree = "<group>"; };
		0770BD2C22AEB94900210030 /* RecommendCollectionViewCell.swift */ = {isa = PBXFileReference; lastKnownFileType = sourcecode.swift; path = RecommendCollectionViewCell.swift; sourceTree = "<group>"; };
		077B5A0F22A94B3E0019573C /* DetailViewController.swift */ = {isa = PBXFileReference; lastKnownFileType = sourcecode.swift; path = DetailViewController.swift; sourceTree = "<group>"; };
		07ABC7DC22B22405005744D7 /* dic_en.txt */ = {isa = PBXFileReference; fileEncoding = 4; lastKnownFileType = text; path = dic_en.txt; sourceTree = "<group>"; };
		07D3E55522ABC57F00EAD179 /* AlbumViewController.swift */ = {isa = PBXFileReference; lastKnownFileType = sourcecode.swift; path = AlbumViewController.swift; sourceTree = "<group>"; };
		07D3E55722ABC5C300EAD179 /* AlbumCollectionViewCell.swift */ = {isa = PBXFileReference; lastKnownFileType = sourcecode.swift; path = AlbumCollectionViewCell.swift; sourceTree = "<group>"; };
		07D3E55D22ABEFB900EAD179 /* AddAlbumViewController.swift */ = {isa = PBXFileReference; lastKnownFileType = sourcecode.swift; path = AddAlbumViewController.swift; sourceTree = "<group>"; };
		07D3E55F22ABF41B00EAD179 /* AlbumDetailViewController.swift */ = {isa = PBXFileReference; lastKnownFileType = sourcecode.swift; path = AlbumDetailViewController.swift; sourceTree = "<group>"; };
		07DB82C522B083E500BC60AB /* keras_model_simpletext_batch128_epochs50.mlmodel */ = {isa = PBXFileReference; lastKnownFileType = file.mlmodel; path = keras_model_simpletext_batch128_epochs50.mlmodel; sourceTree = "<group>"; };
		4A342503172DEBD2B881056D /* Pods_Minguinho_prototype.framework */ = {isa = PBXFileReference; explicitFileType = wrapper.framework; includeInIndex = 0; path = Pods_Minguinho_prototype.framework; sourceTree = BUILT_PRODUCTS_DIR; };
		DB199C14700B2D339D8B0BCF /* Pods-Minguinho_prototype.release.xcconfig */ = {isa = PBXFileReference; includeInIndex = 1; lastKnownFileType = text.xcconfig; name = "Pods-Minguinho_prototype.release.xcconfig"; path = "Target Support Files/Pods-Minguinho_prototype/Pods-Minguinho_prototype.release.xcconfig"; sourceTree = "<group>"; };
		E0D29267E36F2065A7ACF771 /* Pods-Minguinho_prototype.debug.xcconfig */ = {isa = PBXFileReference; includeInIndex = 1; lastKnownFileType = text.xcconfig; name = "Pods-Minguinho_prototype.debug.xcconfig"; path = "Target Support Files/Pods-Minguinho_prototype/Pods-Minguinho_prototype.debug.xcconfig"; sourceTree = "<group>"; };
/* End PBXFileReference section */

/* Begin PBXFrameworksBuildPhase section */
		075EC27422A8CDA6000F36A0 /* Frameworks */ = {
			isa = PBXFrameworksBuildPhase;
			buildActionMask = 2147483647;
			files = (
				1E3C1410DEAD83AE87923D6E /* Pods_Minguinho_prototype.framework in Frameworks */,
			);
			runOnlyForDeploymentPostprocessing = 0;
		};
/* End PBXFrameworksBuildPhase section */

/* Begin PBXGroup section */
		075EC26E22A8CDA6000F36A0 = {
			isa = PBXGroup;
			children = (
				075EC27922A8CDA6000F36A0 /* Minguinho_prototype */,
				075EC27822A8CDA6000F36A0 /* Products */,
				E0CDD4868E353C5BC840BE2D /* Pods */,
				B8879E9E11589B0CE598867F /* Frameworks */,
			);
			sourceTree = "<group>";
		};
		075EC27822A8CDA6000F36A0 /* Products */ = {
			isa = PBXGroup;
			children = (
				075EC27722A8CDA6000F36A0 /* Minguinho_prototype.app */,
			);
			name = Products;
			sourceTree = "<group>";
		};
		075EC27922A8CDA6000F36A0 /* Minguinho_prototype */ = {
			isa = PBXGroup;
			children = (
				07DB82C522B083E500BC60AB /* keras_model_simpletext_batch128_epochs50.mlmodel */,
				075EC27A22A8CDA6000F36A0 /* AppDelegate.swift */,
				0732007722B10062009BDC42 /* dic.txt */,
				07ABC7DC22B22405005744D7 /* dic_en.txt */,
				075EC27E22A8CDA6000F36A0 /* Main.storyboard */,
				075EC28422A8CDA8000F36A0 /* Assets.xcassets */,
				075EC28622A8CDA8000F36A0 /* LaunchScreen.storyboard */,
				075EC28922A8CDA8000F36A0 /* Info.plist */,
				075EC28122A8CDA6000F36A0 /* Minguinho_prototype.xcdatamodeld */,
				076F7B4D22A9141F00721138 /* DataManager.swift */,
				075EC27C22A8CDA6000F36A0 /* ViewController.swift */,
				076F7B4B22A8FC7C00721138 /* NewNoteViewController.swift */,
				077B5A0F22A94B3E0019573C /* DetailViewController.swift */,
				07D3E55522ABC57F00EAD179 /* AlbumViewController.swift */,
				07D3E55722ABC5C300EAD179 /* AlbumCollectionViewCell.swift */,
				07D3E55D22ABEFB900EAD179 /* AddAlbumViewController.swift */,
				07D3E55F22ABF41B00EAD179 /* AlbumDetailViewController.swift */,
				0770BD2C22AEB94900210030 /* RecommendCollectionViewCell.swift */,
			);
			path = Minguinho_prototype;
			sourceTree = "<group>";
		};
		B8879E9E11589B0CE598867F /* Frameworks */ = {
			isa = PBXGroup;
			children = (
				4A342503172DEBD2B881056D /* Pods_Minguinho_prototype.framework */,
			);
			name = Frameworks;
			sourceTree = "<group>";
		};
		E0CDD4868E353C5BC840BE2D /* Pods */ = {
			isa = PBXGroup;
			children = (
				E0D29267E36F2065A7ACF771 /* Pods-Minguinho_prototype.debug.xcconfig */,
				DB199C14700B2D339D8B0BCF /* Pods-Minguinho_prototype.release.xcconfig */,
			);
			path = Pods;
			sourceTree = "<group>";
		};
/* End PBXGroup section */

/* Begin PBXNativeTarget section */
		075EC27622A8CDA6000F36A0 /* Minguinho_prototype */ = {
			isa = PBXNativeTarget;
			buildConfigurationList = 075EC28C22A8CDA8000F36A0 /* Build configuration list for PBXNativeTarget "Minguinho_prototype" */;
			buildPhases = (
				7173CB8D9ACD685A9B697478 /* [CP] Check Pods Manifest.lock */,
				075EC27322A8CDA6000F36A0 /* Sources */,
				075EC27422A8CDA6000F36A0 /* Frameworks */,
				075EC27522A8CDA6000F36A0 /* Resources */,
				14453C32A0476E60D709C839 /* [CP] Embed Pods Frameworks */,
			);
			buildRules = (
			);
			dependencies = (
			);
			name = Minguinho_prototype;
			productName = Minguinho_prototype;
			productReference = 075EC27722A8CDA6000F36A0 /* Minguinho_prototype.app */;
			productType = "com.apple.product-type.application";
		};
/* End PBXNativeTarget section */

/* Begin PBXProject section */
		075EC26F22A8CDA6000F36A0 /* Project object */ = {
			isa = PBXProject;
			attributes = {
				LastSwiftUpdateCheck = 1020;
				LastUpgradeCheck = 1020;
				ORGANIZATIONNAME = boychaboy;
				TargetAttributes = {
					075EC27622A8CDA6000F36A0 = {
						CreatedOnToolsVersion = 10.2;
					};
				};
			};
			buildConfigurationList = 075EC27222A8CDA6000F36A0 /* Build configuration list for PBXProject "Minguinho_prototype" */;
			compatibilityVersion = "Xcode 9.3";
			developmentRegion = en;
			hasScannedForEncodings = 0;
			knownRegions = (
				en,
				Base,
			);
			mainGroup = 075EC26E22A8CDA6000F36A0;
			productRefGroup = 075EC27822A8CDA6000F36A0 /* Products */;
			projectDirPath = "";
			projectRoot = "";
			targets = (
				075EC27622A8CDA6000F36A0 /* Minguinho_prototype */,
			);
		};
/* End PBXProject section */

/* Begin PBXResourcesBuildPhase section */
		075EC27522A8CDA6000F36A0 /* Resources */ = {
			isa = PBXResourcesBuildPhase;
			buildActionMask = 2147483647;
			files = (
				075EC28822A8CDA8000F36A0 /* LaunchScreen.storyboard in Resources */,
				0732007822B10062009BDC42 /* dic.txt in Resources */,
				075EC28522A8CDA8000F36A0 /* Assets.xcassets in Resources */,
				07ABC7DD22B22405005744D7 /* dic_en.txt in Resources */,
				075EC28022A8CDA6000F36A0 /* Main.storyboard in Resources */,
			);
			runOnlyForDeploymentPostprocessing = 0;
		};
/* End PBXResourcesBuildPhase section */

/* Begin PBXShellScriptBuildPhase section */
		14453C32A0476E60D709C839 /* [CP] Embed Pods Frameworks */ = {
			isa = PBXShellScriptBuildPhase;
			buildActionMask = 2147483647;
			files = (
			);
			inputFileListPaths = (
				"${PODS_ROOT}/Target Support Files/Pods-Minguinho_prototype/Pods-Minguinho_prototype-frameworks-${CONFIGURATION}-input-files.xcfilelist",
			);
			name = "[CP] Embed Pods Frameworks";
			outputFileListPaths = (
				"${PODS_ROOT}/Target Support Files/Pods-Minguinho_prototype/Pods-Minguinho_prototype-frameworks-${CONFIGURATION}-output-files.xcfilelist",
			);
			runOnlyForDeploymentPostprocessing = 0;
			shellPath = /bin/sh;
			shellScript = "\"${PODS_ROOT}/Target Support Files/Pods-Minguinho_prototype/Pods-Minguinho_prototype-frameworks.sh\"\n";
			showEnvVarsInLog = 0;
		};
		7173CB8D9ACD685A9B697478 /* [CP] Check Pods Manifest.lock */ = {
			isa = PBXShellScriptBuildPhase;
			buildActionMask = 2147483647;
			files = (
			);
			inputFileListPaths = (
			);
			inputPaths = (
				"${PODS_PODFILE_DIR_PATH}/Podfile.lock",
				"${PODS_ROOT}/Manifest.lock",
			);
			name = "[CP] Check Pods Manifest.lock";
			outputFileListPaths = (
			);
			outputPaths = (
				"$(DERIVED_FILE_DIR)/Pods-Minguinho_prototype-checkManifestLockResult.txt",
			);
			runOnlyForDeploymentPostprocessing = 0;
			shellPath = /bin/sh;
			shellScript = "diff \"${PODS_PODFILE_DIR_PATH}/Podfile.lock\" \"${PODS_ROOT}/Manifest.lock\" > /dev/null\nif [ $? != 0 ] ; then\n    # print error to STDERR\n    echo \"error: The sandbox is not in sync with the Podfile.lock. Run 'pod install' or update your CocoaPods installation.\" >&2\n    exit 1\nfi\n# This output is used by Xcode 'outputs' to avoid re-running this script phase.\necho \"SUCCESS\" > \"${SCRIPT_OUTPUT_FILE_0}\"\n";
			showEnvVarsInLog = 0;
		};
/* End PBXShellScriptBuildPhase section */

/* Begin PBXSourcesBuildPhase section */
		075EC27322A8CDA6000F36A0 /* Sources */ = {
			isa = PBXSourcesBuildPhase;
			buildActionMask = 2147483647;
			files = (
				07D3E55822ABC5C300EAD179 /* AlbumCollectionViewCell.swift in Sources */,
				075EC27D22A8CDA6000F36A0 /* ViewController.swift in Sources */,
				076F7B4E22A9141F00721138 /* DataManager.swift in Sources */,
				07D3E56022ABF41B00EAD179 /* AlbumDetailViewController.swift in Sources */,
				076F7B4C22A8FC7C00721138 /* NewNoteViewController.swift in Sources */,
				077B5A1022A94B3E0019573C /* DetailViewController.swift in Sources */,
				07DB82C622B083E500BC60AB /* keras_model_simpletext_batch128_epochs50.mlmodel in Sources */,
				075EC28322A8CDA6000F36A0 /* Minguinho_prototype.xcdatamodeld in Sources */,
				0770BD2D22AEB94900210030 /* RecommendCollectionViewCell.swift in Sources */,
				07D3E55E22ABEFB900EAD179 /* AddAlbumViewController.swift in Sources */,
				075EC27B22A8CDA6000F36A0 /* AppDelegate.swift in Sources */,
				07D3E55622ABC57F00EAD179 /* AlbumViewController.swift in Sources */,
			);
			runOnlyForDeploymentPostprocessing = 0;
		};
/* End PBXSourcesBuildPhase section */

/* Begin PBXVariantGroup section */
		075EC27E22A8CDA6000F36A0 /* Main.storyboard */ = {
			isa = PBXVariantGroup;
			children = (
				075EC27F22A8CDA6000F36A0 /* Base */,
			);
			name = Main.storyboard;
			sourceTree = "<group>";
		};
		075EC28622A8CDA8000F36A0 /* LaunchScreen.storyboard */ = {
			isa = PBXVariantGroup;
			children = (
				075EC28722A8CDA8000F36A0 /* Base */,
			);
			name = LaunchScreen.storyboard;
			sourceTree = "<group>";
		};
/* End PBXVariantGroup section */

/* Begin XCBuildConfiguration section */
		075EC28A22A8CDA8000F36A0 /* Debug */ = {
			isa = XCBuildConfiguration;
			buildSettings = {
				ALWAYS_SEARCH_USER_PATHS = NO;
				CLANG_ANALYZER_NONNULL = YES;
				CLANG_ANALYZER_NUMBER_OBJECT_CONVERSION = YES_AGGRESSIVE;
				CLANG_CXX_LANGUAGE_STANDARD = "gnu++14";
				CLANG_CXX_LIBRARY = "libc++";
				CLANG_ENABLE_MODULES = YES;
				CLANG_ENABLE_OBJC_ARC = YES;
				CLANG_ENABLE_OBJC_WEAK = YES;
				CLANG_WARN_BLOCK_CAPTURE_AUTORELEASING = YES;
				CLANG_WARN_BOOL_CONVERSION = YES;
				CLANG_WARN_COMMA = YES;
				CLANG_WARN_CONSTANT_CONVERSION = YES;
				CLANG_WARN_DEPRECATED_OBJC_IMPLEMENTATIONS = YES;
				CLANG_WARN_DIRECT_OBJC_ISA_USAGE = YES_ERROR;
				CLANG_WARN_DOCUMENTATION_COMMENTS = YES;
				CLANG_WARN_EMPTY_BODY = YES;
				CLANG_WARN_ENUM_CONVERSION = YES;
				CLANG_WARN_INFINITE_RECURSION = YES;
				CLANG_WARN_INT_CONVERSION = YES;
				CLANG_WARN_NON_LITERAL_NULL_CONVERSION = YES;
				CLANG_WARN_OBJC_IMPLICIT_RETAIN_SELF = YES;
				CLANG_WARN_OBJC_LITERAL_CONVERSION = YES;
				CLANG_WARN_OBJC_ROOT_CLASS = YES_ERROR;
				CLANG_WARN_RANGE_LOOP_ANALYSIS = YES;
				CLANG_WARN_STRICT_PROTOTYPES = YES;
				CLANG_WARN_SUSPICIOUS_MOVE = YES;
				CLANG_WARN_UNGUARDED_AVAILABILITY = YES_AGGRESSIVE;
				CLANG_WARN_UNREACHABLE_CODE = YES;
				CLANG_WARN__DUPLICATE_METHOD_MATCH = YES;
				CODE_SIGN_IDENTITY = "iPhone Developer";
				COPY_PHASE_STRIP = NO;
				DEBUG_INFORMATION_FORMAT = dwarf;
				ENABLE_STRICT_OBJC_MSGSEND = YES;
				ENABLE_TESTABILITY = YES;
				GCC_C_LANGUAGE_STANDARD = gnu11;
				GCC_DYNAMIC_NO_PIC = NO;
				GCC_NO_COMMON_BLOCKS = YES;
				GCC_OPTIMIZATION_LEVEL = 0;
				GCC_PREPROCESSOR_DEFINITIONS = (
					"DEBUG=1",
					"$(inherited)",
				);
				GCC_WARN_64_TO_32_BIT_CONVERSION = YES;
				GCC_WARN_ABOUT_RETURN_TYPE = YES_ERROR;
				GCC_WARN_UNDECLARED_SELECTOR = YES;
				GCC_WARN_UNINITIALIZED_AUTOS = YES_AGGRESSIVE;
				GCC_WARN_UNUSED_FUNCTION = YES;
				GCC_WARN_UNUSED_VARIABLE = YES;
				IPHONEOS_DEPLOYMENT_TARGET = 12.2;
				MTL_ENABLE_DEBUG_INFO = INCLUDE_SOURCE;
				MTL_FAST_MATH = YES;
				ONLY_ACTIVE_ARCH = YES;
				SDKROOT = iphoneos;
				SWIFT_ACTIVE_COMPILATION_CONDITIONS = DEBUG;
				SWIFT_OPTIMIZATION_LEVEL = "-Onone";
			};
			name = Debug;
		};
		075EC28B22A8CDA8000F36A0 /* Release */ = {
			isa = XCBuildConfiguration;
			buildSettings = {
				ALWAYS_SEARCH_USER_PATHS = NO;
				CLANG_ANALYZER_NONNULL = YES;
				CLANG_ANALYZER_NUMBER_OBJECT_CONVERSION = YES_AGGRESSIVE;
				CLANG_CXX_LANGUAGE_STANDARD = "gnu++14";
				CLANG_CXX_LIBRARY = "libc++";
				CLANG_ENABLE_MODULES = YES;
				CLANG_ENABLE_OBJC_ARC = YES;
				CLANG_ENABLE_OBJC_WEAK = YES;
				CLANG_WARN_BLOCK_CAPTURE_AUTORELEASING = YES;
				CLANG_WARN_BOOL_CONVERSION = YES;
				CLANG_WARN_COMMA = YES;
				CLANG_WARN_CONSTANT_CONVERSION = YES;
				CLANG_WARN_DEPRECATED_OBJC_IMPLEMENTATIONS = YES;
				CLANG_WARN_DIRECT_OBJC_ISA_USAGE = YES_ERROR;
				CLANG_WARN_DOCUMENTATION_COMMENTS = YES;
				CLANG_WARN_EMPTY_BODY = YES;
				CLANG_WARN_ENUM_CONVERSION = YES;
				CLANG_WARN_INFINITE_RECURSION = YES;
				CLANG_WARN_INT_CONVERSION = YES;
				CLANG_WARN_NON_LITERAL_NULL_CONVERSION = YES;
				CLANG_WARN_OBJC_IMPLICIT_RETAIN_SELF = YES;
				CLANG_WARN_OBJC_LITERAL_CONVERSION = YES;
				CLANG_WARN_OBJC_ROOT_CLASS = YES_ERROR;
				CLANG_WARN_RANGE_LOOP_ANALYSIS = YES;
				CLANG_WARN_STRICT_PROTOTYPES = YES;
				CLANG_WARN_SUSPICIOUS_MOVE = YES;
				CLANG_WARN_UNGUARDED_AVAILABILITY = YES_AGGRESSIVE;
				CLANG_WARN_UNREACHABLE_CODE = YES;
				CLANG_WARN__DUPLICATE_METHOD_MATCH = YES;
				CODE_SIGN_IDENTITY = "iPhone Developer";
				COPY_PHASE_STRIP = NO;
				DEBUG_INFORMATION_FORMAT = "dwarf-with-dsym";
				ENABLE_NS_ASSERTIONS = NO;
				ENABLE_STRICT_OBJC_MSGSEND = YES;
				GCC_C_LANGUAGE_STANDARD = gnu11;
				GCC_NO_COMMON_BLOCKS = YES;
				GCC_WARN_64_TO_32_BIT_CONVERSION = YES;
				GCC_WARN_ABOUT_RETURN_TYPE = YES_ERROR;
				GCC_WARN_UNDECLARED_SELECTOR = YES;
				GCC_WARN_UNINITIALIZED_AUTOS = YES_AGGRESSIVE;
				GCC_WARN_UNUSED_FUNCTION = YES;
				GCC_WARN_UNUSED_VARIABLE = YES;
				IPHONEOS_DEPLOYMENT_TARGET = 12.2;
				MTL_ENABLE_DEBUG_INFO = NO;
				MTL_FAST_MATH = YES;
				SDKROOT = iphoneos;
				SWIFT_COMPILATION_MODE = wholemodule;
				SWIFT_OPTIMIZATION_LEVEL = "-O";
				VALIDATE_PRODUCT = YES;
			};
			name = Release;
		};
		075EC28D22A8CDA8000F36A0 /* Debug */ = {
			isa = XCBuildConfiguration;
			baseConfigurationReference = E0D29267E36F2065A7ACF771 /* Pods-Minguinho_prototype.debug.xcconfig */;
			buildSettings = {
				ASSETCATALOG_COMPILER_APPICON_NAME = AppIcon;
				CODE_SIGN_STYLE = Automatic;
				DEVELOPMENT_TEAM = 3Y3Z2Z567H;
				INFOPLIST_FILE = Minguinho_prototype/Info.plist;
				LD_RUNPATH_SEARCH_PATHS = (
					"$(inherited)",
					"@executable_path/Frameworks",
				);
				PRODUCT_BUNDLE_IDENTIFIER = "capstone-design.Minguinho-prototype";
				PRODUCT_NAME = "$(TARGET_NAME)";
				SWIFT_VERSION = 5.0;
				TARGETED_DEVICE_FAMILY = "1,2";
			};
			name = Debug;
		};
		075EC28E22A8CDA8000F36A0 /* Release */ = {
			isa = XCBuildConfiguration;
			baseConfigurationReference = DB199C14700B2D339D8B0BCF /* Pods-Minguinho_prototype.release.xcconfig */;
			buildSettings = {
				ASSETCATALOG_COMPILER_APPICON_NAME = AppIcon;
				CODE_SIGN_STYLE = Automatic;
				DEVELOPMENT_TEAM = 3Y3Z2Z567H;
				INFOPLIST_FILE = Minguinho_prototype/Info.plist;
				LD_RUNPATH_SEARCH_PATHS = (
					"$(inherited)",
					"@executable_path/Frameworks",
				);
				PRODUCT_BUNDLE_IDENTIFIER = "capstone-design.Minguinho-prototype";
				PRODUCT_NAME = "$(TARGET_NAME)";
				SWIFT_VERSION = 5.0;
				TARGETED_DEVICE_FAMILY = "1,2";
			};
			name = Release;
		};
/* End XCBuildConfiguration section */

/* Begin XCConfigurationList section */
		075EC27222A8CDA6000F36A0 /* Build configuration list for PBXProject "Minguinho_prototype" */ = {
			isa = XCConfigurationList;
			buildConfigurations = (
				075EC28A22A8CDA8000F36A0 /* Debug */,
				075EC28B22A8CDA8000F36A0 /* Release */,
			);
			defaultConfigurationIsVisible = 0;
			defaultConfigurationName = Release;
		};
		075EC28C22A8CDA8000F36A0 /* Build configuration list for PBXNativeTarget "Minguinho_prototype" */ = {
			isa = XCConfigurationList;
			buildConfigurations = (
				075EC28D22A8CDA8000F36A0 /* Debug */,
				075EC28E22A8CDA8000F36A0 /* Release */,
			);
			defaultConfigurationIsVisible = 0;
			defaultConfigurationName = Release;
		};
/* End XCConfigurationList section */

/* Begin XCVersionGroup section */
		075EC28122A8CDA6000F36A0 /* Minguinho_prototype.xcdatamodeld */ = {
			isa = XCVersionGroup;
			children = (
				075EC28222A8CDA6000F36A0 /* Minguinho_prototype.xcdatamodel */,
			);
			currentVersion = 075EC28222A8CDA6000F36A0 /* Minguinho_prototype.xcdatamodel */;
			path = Minguinho_prototype.xcdatamodeld;
			sourceTree = "<group>";
			versionGroupType = wrapper.xcdatamodel;
		};
/* End XCVersionGroup section */
	};
	rootObject = 075EC26F22A8CDA6000F36A0 /* Project object */;
}
